
Microsoft Visual Studio Solution File, Format Version 12.00
# Visual Studio Version 16
VisualStudioVersion = 16.0.33130.400
MinimumVisualStudioVersion = 10.0.40219.1
Project("{FAE04EC0-301F-11D3-BF4B-00C04F79EFBC}") = "8Mission", "8Mission.csproj", "{734EF06F-B3DB-4010-84FB-B57B9D1EE56F}"
EndProject
Global
	GlobalSection(SolutionConfigurationPlatforms) = preSolution
		Debug|Any CPU = Debug|Any CPU
		Release|Any CPU = Release|Any CPU
	EndGlobalSection
	GlobalSection(ProjectConfigurationPlatforms) = postSolution
		{734EF06F-B3DB-4010-84FB-B57B9D1EE56F}.Debug|Any CPU.ActiveCfg = Debug|Any CPU
		{734EF06F-B3DB-4010-84FB-B57B9D1EE56F}.Debug|Any CPU.Build.0 = Debug|Any CPU
		{734EF06F-B3DB-4010-84FB-B57B9D1EE56F}.Release|Any CPU.ActiveCfg = Release|Any CPU
		{734EF06F-B3DB-4010-84FB-B57B9D1EE56F}.Release|Any CPU.Build.0 = Release|Any CPU
	EndGlobalSection
	GlobalSection(SolutionProperties) = preSolution
		HideSolutionNode = FALSE
	EndGlobalSection
	GlobalSection(ExtensibilityGlobals) = postSolution
		SolutionGuid = {61BA85BB-11F3-45B7-928E-FA1B74AC8D21}
	EndGlobalSection
EndGlobal
